
Microsoft Visual Studio Solution File, Format Version 12.00
# Visual Studio 14
VisualStudioVersion = 14.0.25420.1
MinimumVisualStudioVersion = 10.0.40219.1
Project("{F2A71F9B-5D33-465A-A702-920D77279786}") = "SSISSlackTask", "SSISSlackTask\SSISSlackTask.fsproj", "{C93570B3-F663-44C2-989B-A4023689B6F6}"
EndProject
Project("{FAE04EC0-301F-11D3-BF4B-00C04F79EFBC}") = "SSISSlackTaskCSharp", "SSISSlackTaskCSharp\SSISSlackTaskCSharp.csproj", "{8EF140BA-5BD1-47EF-A38A-B12F8E8407C5}"
EndProject
Project("{FAE04EC0-301F-11D3-BF4B-00C04F79EFBC}") = "UItests", "UItests\UItests.csproj", "{B1D786B6-56D8-4486-906E-2BD48B46EAE7}"
EndProject
Global
	GlobalSection(SolutionConfigurationPlatforms) = preSolution
		Debug|Any CPU = Debug|Any CPU
		Release|Any CPU = Release|Any CPU
	EndGlobalSection
	GlobalSection(ProjectConfigurationPlatforms) = postSolution
		{C93570B3-F663-44C2-989B-A4023689B6F6}.Debug|Any CPU.ActiveCfg = Debug|Any CPU
		{C93570B3-F663-44C2-989B-A4023689B6F6}.Debug|Any CPU.Build.0 = Debug|Any CPU
		{C93570B3-F663-44C2-989B-A4023689B6F6}.Release|Any CPU.ActiveCfg = Release|Any CPU
		{C93570B3-F663-44C2-989B-A4023689B6F6}.Release|Any CPU.Build.0 = Release|Any CPU
		{8EF140BA-5BD1-47EF-A38A-B12F8E8407C5}.Debug|Any CPU.ActiveCfg = Debug|Any CPU
		{8EF140BA-5BD1-47EF-A38A-B12F8E8407C5}.Debug|Any CPU.Build.0 = Debug|Any CPU
		{8EF140BA-5BD1-47EF-A38A-B12F8E8407C5}.Release|Any CPU.ActiveCfg = Release|Any CPU
		{8EF140BA-5BD1-47EF-A38A-B12F8E8407C5}.Release|Any CPU.Build.0 = Release|Any CPU
		{B1D786B6-56D8-4486-906E-2BD48B46EAE7}.Debug|Any CPU.ActiveCfg = Debug|Any CPU
		{B1D786B6-56D8-4486-906E-2BD48B46EAE7}.Debug|Any CPU.Build.0 = Debug|Any CPU
		{B1D786B6-56D8-4486-906E-2BD48B46EAE7}.Release|Any CPU.ActiveCfg = Release|Any CPU
		{B1D786B6-56D8-4486-906E-2BD48B46EAE7}.Release|Any CPU.Build.0 = Release|Any CPU
	EndGlobalSection
	GlobalSection(SolutionProperties) = preSolution
		HideSolutionNode = FALSE
	EndGlobalSection
EndGlobal
